# THIS IS AN AUTOGENERATED FILE. DO NOT EDIT THIS FILE DIRECTLY.
# yarn lockfile v1


"@types/unist@^2.0.0", "@types/unist@^2.0.2":
  version "2.0.3"
  resolved "https://registry.yarnpkg.com/@types/unist/-/unist-2.0.3.tgz#9c088679876f374eb5983f150d4787aa6fb32d7e"
  integrity sha512-FvUupuM3rlRsRtCN+fDudtmytGO6iHJuuRKS1Ss0pG5z8oX0diNEw94UEL7hgDbpN94rgaK5R7sWm6RrSkZuAQ==

arg@^4.1.0:
  version "4.1.1"
  resolved "https://registry.yarnpkg.com/arg/-/arg-4.1.1.tgz#485f8e7c390ce4c5f78257dbea80d4be11feda4c"
  integrity sha512-SlmP3fEA88MBv0PypnXZ8ZfJhwmDeIE3SP71j37AiXQBXYosPV0x6uISAaHYSlSVhmHOVkomen0tbGk6Anlebw==

bail@^1.0.0:
  version "1.0.4"
  resolved "https://registry.yarnpkg.com/bail/-/bail-1.0.4.tgz#7181b66d508aa3055d3f6c13f0a0c720641dde9b"
  integrity sha512-S8vuDB4w6YpRhICUDET3guPlQpaJl7od94tpZ0Fvnyp+MKW/HyDTcRDck+29C9g+d/qQHnddRH3+94kZdrW0Ww==

buffer-from@^1.0.0:
  version "1.1.1"
  resolved "https://registry.yarnpkg.com/buffer-from/-/buffer-from-1.1.1.tgz#32713bc028f75c02fdb710d7c7bcec1f2c6070ef"
  integrity sha512-MQcXEUbCKtEo7bhqEs6560Hyd4XaovZlO/k9V3hjVUF/zwW7KBVdSK4gIt/bzwS9MbR5qob+F5jusZsb0YQK2A==

ccount@^1.0.0:
  version "1.0.4"
  resolved "https://registry.yarnpkg.com/ccount/-/ccount-1.0.4.tgz#9cf2de494ca84060a2a8d2854edd6dfb0445f386"
  integrity sha512-fpZ81yYfzentuieinmGnphk0pLkOTMm6MZdVqwd77ROvhko6iujLNGrHH5E7utq3ygWklwfmwuG+A7P+NpqT6w==

character-entities-html4@^1.0.0:
  version "1.1.3"
  resolved "https://registry.yarnpkg.com/character-entities-html4/-/character-entities-html4-1.1.3.tgz#5ce6e01618e47048ac22f34f7f39db5c6fd679ef"
  integrity sha512-SwnyZ7jQBCRHELk9zf2CN5AnGEc2nA+uKMZLHvcqhpPprjkYhiLn0DywMHgN5ttFZuITMATbh68M6VIVKwJbcg==

character-entities-legacy@^1.0.0:
  version "1.1.3"
  resolved "https://registry.yarnpkg.com/character-entities-legacy/-/character-entities-legacy-1.1.3.tgz#3c729991d9293da0ede6dddcaf1f2ce1009ee8b4"
  integrity sha512-YAxUpPoPwxYFsslbdKkhrGnXAtXoHNgYjlBM3WMXkWGTl5RsY3QmOyhwAgL8Nxm9l5LBThXGawxKPn68y6/fww==

character-entities@^1.0.0:
  version "1.2.3"
  resolved "https://registry.yarnpkg.com/character-entities/-/character-entities-1.2.3.tgz#bbed4a52fe7ef98cc713c6d80d9faa26916d54e6"
  integrity sha512-yB4oYSAa9yLcGyTbB4ItFwHw43QHdH129IJ5R+WvxOkWlyFnR5FAaBNnUq4mcxsTVZGh28bHoeTHMKXH1wZf3w==

character-reference-invalid@^1.0.0:
  version "1.1.3"
  resolved "https://registry.yarnpkg.com/character-reference-invalid/-/character-reference-invalid-1.1.3.tgz#1647f4f726638d3ea4a750cf5d1975c1c7919a85"
  integrity sha512-VOq6PRzQBam/8Jm6XBGk2fNEnHXAdGd6go0rtd4weAGECBamHDwwCQSOT12TACIYUZegUXnV6xBXqUssijtxIg==

collapse-white-space@^1.0.0, collapse-white-space@^1.0.2:
  version "1.0.5"
  resolved "https://registry.yarnpkg.com/collapse-white-space/-/collapse-white-space-1.0.5.tgz#c2495b699ab1ed380d29a1091e01063e75dbbe3a"
  integrity sha512-703bOOmytCYAX9cXYqoikYIx6twmFCXsnzRQheBcTG3nzKYBR4P/+wkYeH+Mvj7qUz8zZDtdyzbxfnEi/kYzRQ==

comma-separated-tokens@^1.0.1:
  version "1.0.7"
  resolved "https://registry.yarnpkg.com/comma-separated-tokens/-/comma-separated-tokens-1.0.7.tgz#419cd7fb3258b1ed838dc0953167a25e152f5b59"
  integrity sha512-Jrx3xsP4pPv4AwJUDWY9wOXGtwPXARej6Xd99h4TUGotmf8APuquKMpK+dnD3UgyxK7OEWaisjZz+3b5jtL6xQ==

detab@^2.0.0:
  version "2.0.2"
  resolved "https://registry.yarnpkg.com/detab/-/detab-2.0.2.tgz#074970d1a807b045d0258a4235df5928dd683561"
  integrity sha512-Q57yPrxScy816TTE1P/uLRXLDKjXhvYTbfxS/e6lPD+YrqghbsMlGB9nQzj/zVtSPaF0DFPSdO916EWO4sQUyQ==
  dependencies:
    repeat-string "^1.5.4"

diff@^4.0.1:
  version "4.0.1"
  resolved "https://registry.yarnpkg.com/diff/-/diff-4.0.1.tgz#0c667cb467ebbb5cea7f14f135cc2dba7780a8ff"
  integrity sha512-s2+XdvhPCOF01LRQBC8hf4vhbVmI2CGS5aZnxLJlT5FtdhPCDFq80q++zK2KlrVorVDdL5BOGZ/VfLrVtYNF+Q==

extend@^3.0.0:
  version "3.0.2"
  resolved "https://registry.yarnpkg.com/extend/-/extend-3.0.2.tgz#f8b1136b4071fbd8eb140aff858b1019ec2915fa"
  integrity sha512-fjquC59cD7CyW6urNXK0FBufkZcoiGG80wTuPujX590cB5Ttln20E2UB4S/WARVqhXffZl2LNgS+gQdPIIim/g==

hast-util-is-element@^1.0.0:
  version "1.0.3"
  resolved "https://registry.yarnpkg.com/hast-util-is-element/-/hast-util-is-element-1.0.3.tgz#423b4b26fe8bf1f25950fe052e9ce8f83fd5f6a4"
  integrity sha512-C62CVn7jbjp89yOhhy7vrkSaB7Vk906Gtcw/Ihd+Iufnq+2pwOZjdPmpzpKLWJXPJBMDX3wXg4FqmdOayPcewA==

hast-util-to-html@^6.0.0:
  version "6.0.2"
  resolved "https://registry.yarnpkg.com/hast-util-to-html/-/hast-util-to-html-6.0.2.tgz#aec7ee7a57008c82b01044ac58794a3d6349767d"
  integrity sha512-oiQzGHtjT6ZLhszCY89kCxGCo9O+YuPUHluv36fzp7Hv/E1W4428PgzcQAKlPUzbHAt3ELoPCSrYLWl8fQw7Ag==
  dependencies:
    ccount "^1.0.0"
    comma-separated-tokens "^1.0.1"
    hast-util-is-element "^1.0.0"
    hast-util-whitespace "^1.0.0"
    html-void-elements "^1.0.0"
    property-information "^5.2.0"
    space-separated-tokens "^1.0.0"
    stringify-entities "^2.0.0"
    unist-util-is "^3.0.0"
    xtend "^4.0.1"

hast-util-whitespace@^1.0.0:
  version "1.0.3"
  resolved "https://registry.yarnpkg.com/hast-util-whitespace/-/hast-util-whitespace-1.0.3.tgz#6d161b307bd0693b5ec000c7c7e8b5445109ee34"
  integrity sha512-AlkYiLTTwPOyxZ8axq2/bCwRUPjIPBfrHkXuCR92B38b3lSdU22R5F/Z4DL6a2kxWpekWq1w6Nj48tWat6GeRA==

html-void-elements@^1.0.0:
  version "1.0.4"
  resolved "https://registry.yarnpkg.com/html-void-elements/-/html-void-elements-1.0.4.tgz#95e8bb5ecd6b88766569c2645f2b5f1591db9ba5"
  integrity sha512-yMk3naGPLrfvUV9TdDbuYXngh/TpHbA6TrOw3HL9kS8yhwx7i309BReNg7CbAJXGE+UMJ6je5OqJ7lC63o6YuQ==

inherits@^2.0.1:
  version "2.0.4"
  resolved "https://registry.yarnpkg.com/inherits/-/inherits-2.0.4.tgz#0fa2c64f932917c3433a0ded55363aae37416b7c"
  integrity sha512-k/vGaX4/Yla3WzyMCvTQOXYeIHvqOKtnqBduzTHpzpQZzAskKMhZ2K+EnBiSM9zGSoIFeMpXKxa4dYeZIQqewQ==

is-alphabetical@^1.0.0:
  version "1.0.3"
  resolved "https://registry.yarnpkg.com/is-alphabetical/-/is-alphabetical-1.0.3.tgz#eb04cc47219a8895d8450ace4715abff2258a1f8"
  integrity sha512-eEMa6MKpHFzw38eKm56iNNi6GJ7lf6aLLio7Kr23sJPAECscgRtZvOBYybejWDQ2bM949Y++61PY+udzj5QMLA==

is-alphanumerical@^1.0.0:
  version "1.0.3"
  resolved "https://registry.yarnpkg.com/is-alphanumerical/-/is-alphanumerical-1.0.3.tgz#57ae21c374277b3defe0274c640a5704b8f6657c"
  integrity sha512-A1IGAPO5AW9vSh7omxIlOGwIqEvpW/TA+DksVOPM5ODuxKlZS09+TEM1E3275lJqO2oJ38vDpeAL3DCIiHE6eA==
  dependencies:
    is-alphabetical "^1.0.0"
    is-decimal "^1.0.0"

is-buffer@^2.0.0:
  version "2.0.4"
  resolved "https://registry.yarnpkg.com/is-buffer/-/is-buffer-2.0.4.tgz#3e572f23c8411a5cfd9557c849e3665e0b290623"
  integrity sha512-Kq1rokWXOPXWuaMAqZiJW4XxsmD9zGx9q4aePabbn3qCRGedtH7Cm+zV8WETitMfu1wdh+Rvd6w5egwSngUX2A==

is-decimal@^1.0.0, is-decimal@^1.0.2:
  version "1.0.3"
  resolved "https://registry.yarnpkg.com/is-decimal/-/is-decimal-1.0.3.tgz#381068759b9dc807d8c0dc0bfbae2b68e1da48b7"
  integrity sha512-bvLSwoDg2q6Gf+E2LEPiklHZxxiSi3XAh4Mav65mKqTfCO1HM3uBs24TjEH8iJX3bbDdLXKJXBTmGzuTUuAEjQ==

is-empty@^1.0.0:
  version "1.2.0"
  resolved "https://registry.yarnpkg.com/is-empty/-/is-empty-1.2.0.tgz#de9bb5b278738a05a0b09a57e1fb4d4a341a9f6b"
  integrity sha1-3pu1snhzigWgsJpX4ftNSjQan2s=

is-hexadecimal@^1.0.0:
  version "1.0.3"
  resolved "https://registry.yarnpkg.com/is-hexadecimal/-/is-hexadecimal-1.0.3.tgz#e8a426a69b6d31470d3a33a47bb825cda02506ee"
  integrity sha512-zxQ9//Q3D/34poZf8fiy3m3XVpbQc7ren15iKqrTtLPwkPD/t3Scy9Imp63FujULGxuK0ZlCwoo5xNpktFgbOA==

is-plain-obj@^2.0.0:
  version "2.0.0"
  resolved "https://registry.yarnpkg.com/is-plain-obj/-/is-plain-obj-2.0.0.tgz#7fd1a7f1b69e160cde9181d2313f445c68aa2679"
  integrity sha512-EYisGhpgSCwspmIuRHGjROWTon2Xp8Z7U03Wubk/bTL5TTRC5R1rGVgyjzBrk9+ULdH6cRD06KRcw/xfqhVYKQ==

is-whitespace-character@^1.0.0:
  version "1.0.3"
  resolved "https://registry.yarnpkg.com/is-whitespace-character/-/is-whitespace-character-1.0.3.tgz#b3ad9546d916d7d3ffa78204bca0c26b56257fac"
  integrity sha512-SNPgMLz9JzPccD3nPctcj8sZlX9DAMJSKH8bP7Z6bohCwuNgX8xbWr1eTAYXX9Vpi/aSn8Y1akL9WgM3t43YNQ==

is-word-character@^1.0.0:
  version "1.0.3"
  resolved "https://registry.yarnpkg.com/is-word-character/-/is-word-character-1.0.3.tgz#264d15541cbad0ba833d3992c34e6b40873b08aa"
  integrity sha512-0wfcrFgOOOBdgRNT9H33xe6Zi6yhX/uoc4U8NBZGeQQB0ctU1dnlNTyL9JM2646bHDTpsDm1Brb3VPoCIMrd/A==

make-error@^1.1.1:
  version "1.3.5"
  resolved "https://registry.yarnpkg.com/make-error/-/make-error-1.3.5.tgz#efe4e81f6db28cadd605c70f29c831b58ef776c8"
  integrity sha512-c3sIjNUow0+8swNwVpqoH4YCShKNFkMaw6oH1mNS2haDZQqkeZFlHS3dhoeEbKKmJB4vXpJucU6oH75aDYeE9g==

markdown-escapes@^1.0.0:
  version "1.0.3"
  resolved "https://registry.yarnpkg.com/markdown-escapes/-/markdown-escapes-1.0.3.tgz#6155e10416efaafab665d466ce598216375195f5"
  integrity sha512-XUi5HJhhV5R74k8/0H2oCbCiYf/u4cO/rX8tnGkRvrqhsr5BRNU6Mg0yt/8UIx1iIS8220BNJsDb7XnILhLepw==

mdast-util-definitions@^1.2.0:
  version "1.2.4"
  resolved "https://registry.yarnpkg.com/mdast-util-definitions/-/mdast-util-definitions-1.2.4.tgz#2b54ad4eecaff9d9fcb6bf6f9f6b68b232d77ca7"
  integrity sha512-HfUArPog1j4Z78Xlzy9Q4aHLnrF/7fb57cooTHypyGoe2XFNbcx/kWZDoOz+ra8CkUzvg3+VHV434yqEd1DRmA==
  dependencies:
    unist-util-visit "^1.0.0"

mdast-util-to-hast@^6.0.0:
  version "6.0.2"
  resolved "https://registry.yarnpkg.com/mdast-util-to-hast/-/mdast-util-to-hast-6.0.2.tgz#24a8791b7c624118637d70f03a9d29116e4311cf"
  integrity sha512-GjcOimC9qHI0yNFAQdBesrZXzUkRdFleQlcoU8+TVNfDW6oLUazUx8MgUoTaUyCJzBOnE5AOgqhpURrSlf0QwQ==
  dependencies:
    collapse-white-space "^1.0.0"
    detab "^2.0.0"
    mdast-util-definitions "^1.2.0"
    mdurl "^1.0.1"
    trim "0.0.1"
    trim-lines "^1.0.0"
    unist-builder "^1.0.1"
    unist-util-generated "^1.1.0"
    unist-util-position "^3.0.0"
    unist-util-visit "^1.1.0"
    xtend "^4.0.1"

mdurl@^1.0.1:
  version "1.0.1"
  resolved "https://registry.yarnpkg.com/mdurl/-/mdurl-1.0.1.tgz#fe85b2ec75a59037f2adfec100fd6c601761152e"
  integrity sha1-/oWy7HWlkDfyrf7BAP1sYBdhFS4=

object-assign@^4.1.0:
  version "4.1.1"
  resolved "https://registry.yarnpkg.com/object-assign/-/object-assign-4.1.1.tgz#2109adc7965887cfc05cbbd442cac8bfbb360863"
  integrity sha1-IQmtx5ZYh8/AXLvUQsrIv7s2CGM=

parse-entities@^1.1.0:
  version "1.2.2"
  resolved "https://registry.yarnpkg.com/parse-entities/-/parse-entities-1.2.2.tgz#c31bf0f653b6661354f8973559cb86dd1d5edf50"
  integrity sha512-NzfpbxW/NPrzZ/yYSoQxyqUZMZXIdCfE0OIN4ESsnptHJECoUk3FZktxNuzQf4tjt5UEopnxpYJbvYuxIFDdsg==
  dependencies:
    character-entities "^1.0.0"
    character-entities-legacy "^1.0.0"
    character-reference-invalid "^1.0.0"
    is-alphanumerical "^1.0.0"
    is-decimal "^1.0.0"
    is-hexadecimal "^1.0.0"

property-information@^5.2.0:
  version "5.3.0"
  resolved "https://registry.yarnpkg.com/property-information/-/property-information-5.3.0.tgz#bc87ac82dc4e72a31bb62040544b1bf9653da039"
  integrity sha512-IslotQn1hBCZDY7SaJ3zmCjVea219VTwmOk6Pu3z9haU9m4+T8GwaDubur+6NMHEU+Fjs/6/p66z6QULPkcL1w==
  dependencies:
    xtend "^4.0.1"

rehype-stringify@^6.0.0:
  version "6.0.0"
  resolved "https://registry.yarnpkg.com/rehype-stringify/-/rehype-stringify-6.0.0.tgz#a8a573b6f9bf98916955978acd746c37cfd88ac0"
  integrity sha512-grV/hhA7z9GbUJZk0ILzprSE0YY9lvTmYuvgRjXdFXrrag5gNeqXBQIuG1m4zFW6PFm0YYnJ/qgf5y6yui4VsA==
  dependencies:
    hast-util-to-html "^6.0.0"
    xtend "^4.0.1"

remark-parse@^7.0.1:
  version "7.0.1"
  resolved "https://registry.yarnpkg.com/remark-parse/-/remark-parse-7.0.1.tgz#0c13d67e0d7b82c2ad2d8b6604ec5fae6c333c2b"
  integrity sha512-WOZLa545jYXtSy+txza6ACudKWByQac4S2DmGk+tAGO/3XnVTOxwyCIxB7nTcLlk8Aayhcuf3cV1WV6U6L7/DQ==
  dependencies:
    collapse-white-space "^1.0.2"
    is-alphabetical "^1.0.0"
    is-decimal "^1.0.0"
    is-whitespace-character "^1.0.0"
    is-word-character "^1.0.0"
    markdown-escapes "^1.0.0"
    parse-entities "^1.1.0"
    repeat-string "^1.5.4"
    state-toggle "^1.0.0"
    trim "0.0.1"
    trim-trailing-lines "^1.0.0"
    unherit "^1.0.4"
    unist-util-remove-position "^1.0.0"
    vfile-location "^2.0.0"
    xtend "^4.0.1"

remark-rehype@^5.0.0:
  version "5.0.0"
  resolved "https://registry.yarnpkg.com/remark-rehype/-/remark-rehype-5.0.0.tgz#dcf85b481bfaadf262ddde9b4ecefbb7f2673e70"
  integrity sha512-tgo+AeOotuh9FnGMkEPbE6C3OfdARqqSxT0H/KNGAiTwJLiDoRSm6x/ytqPZTyYSiQ/exbi/kx7k6uUvqYL1wQ==
  dependencies:
    mdast-util-to-hast "^6.0.0"

repeat-string@^1.5.4:
  version "1.6.1"
  resolved "https://registry.yarnpkg.com/repeat-string/-/repeat-string-1.6.1.tgz#8dcae470e1c88abc2d600fff4a776286da75e637"
  integrity sha1-jcrkcOHIirwtYA//Sndihtp15jc=

replace-ext@1.0.0:
  version "1.0.0"
  resolved "https://registry.yarnpkg.com/replace-ext/-/replace-ext-1.0.0.tgz#de63128373fcbf7c3ccfa4de5a480c45a67958eb"
  integrity sha1-3mMSg3P8v3w8z6TeWkgMRaZ5WOs=

source-map-support@^0.5.6:
  version "0.5.13"
  resolved "https://registry.yarnpkg.com/source-map-support/-/source-map-support-0.5.13.tgz#31b24a9c2e73c2de85066c0feb7d44767ed52932"
  integrity sha512-SHSKFHadjVA5oR4PPqhtAVdcBWwRYVd6g6cAXnIbRiIwc2EhPrTuKUBdSLvlEKyIP3GCf89fltvcZiP9MMFA1w==
  dependencies:
    buffer-from "^1.0.0"
    source-map "^0.6.0"

source-map@^0.6.0:
  version "0.6.1"
  resolved "https://registry.yarnpkg.com/source-map/-/source-map-0.6.1.tgz#74722af32e9614e9c287a8d0bbde48b5e2f1a263"
  integrity sha512-UjgapumWlbMhkBgzT7Ykc5YXUT46F0iKu8SGXq0bcwP5dz/h0Plj6enJqjz1Zbq2l5WaqYnrVbwWOWMyF3F47g==

space-separated-tokens@^1.0.0:
  version "1.1.4"
  resolved "https://registry.yarnpkg.com/space-separated-tokens/-/space-separated-tokens-1.1.4.tgz#27910835ae00d0adfcdbd0ad7e611fb9544351fa"
  integrity sha512-UyhMSmeIqZrQn2UdjYpxEkwY9JUrn8pP+7L4f91zRzOQuI8MF1FGLfYU9DKCYeLdo7LXMxwrX5zKFy7eeeVHuA==

state-toggle@^1.0.0:
  version "1.0.2"
  resolved "https://registry.yarnpkg.com/state-toggle/-/state-toggle-1.0.2.tgz#75e93a61944116b4959d665c8db2d243631d6ddc"
  integrity sha512-8LpelPGR0qQM4PnfLiplOQNJcIN1/r2Gy0xKB2zKnIW2YzPMt2sR4I/+gtPjhN7Svh9kw+zqEg2SFwpBO9iNiw==

stringify-entities@^2.0.0:
  version "2.0.0"
  resolved "https://registry.yarnpkg.com/stringify-entities/-/stringify-entities-2.0.0.tgz#fa7ca6614b355fb6c28448140a20c4ede7462827"
  integrity sha512-fqqhZzXyAM6pGD9lky/GOPq6V4X0SeTAFBl0iXb/BzOegl40gpf/bV3QQP7zULNYvjr6+Dx8SCaDULjVoOru0A==
  dependencies:
    character-entities-html4 "^1.0.0"
    character-entities-legacy "^1.0.0"
    is-alphanumerical "^1.0.0"
    is-decimal "^1.0.2"
    is-hexadecimal "^1.0.0"

trim-lines@^1.0.0:
  version "1.1.2"
  resolved "https://registry.yarnpkg.com/trim-lines/-/trim-lines-1.1.2.tgz#c8adbdbdae21bb5c2766240a661f693afe23e59b"
  integrity sha512-3GOuyNeTqk3FAqc3jOJtw7FTjYl94XBR5aD9QnDbK/T4CA9sW/J0l9RoaRPE9wyPP7NF331qnHnvJFBJ+IDkmQ==

trim-trailing-lines@^1.0.0:
  version "1.1.2"
  resolved "https://registry.yarnpkg.com/trim-trailing-lines/-/trim-trailing-lines-1.1.2.tgz#d2f1e153161152e9f02fabc670fb40bec2ea2e3a"
  integrity sha512-MUjYItdrqqj2zpcHFTkMa9WAv4JHTI6gnRQGPFLrt5L9a6tRMiDnIqYl8JBvu2d2Tc3lWJKQwlGCp0K8AvCM+Q==

trim@0.0.1:
  version "0.0.1"
  resolved "https://registry.yarnpkg.com/trim/-/trim-0.0.1.tgz#5858547f6b290757ee95cccc666fb50084c460dd"
  integrity sha1-WFhUf2spB1fulczMZm+1AITEYN0=

trough@^1.0.0:
  version "1.0.4"
  resolved "https://registry.yarnpkg.com/trough/-/trough-1.0.4.tgz#3b52b1f13924f460c3fbfd0df69b587dbcbc762e"
  integrity sha512-tdzBRDGWcI1OpPVmChbdSKhvSVurznZ8X36AYURAcl+0o2ldlCY2XPzyXNNxwJwwyIU+rIglTCG4kxtNKBQH7Q==

ts-node@^8.4.1:
  version "8.4.1"
  resolved "https://registry.yarnpkg.com/ts-node/-/ts-node-8.4.1.tgz#270b0dba16e8723c9fa4f9b4775d3810fd994b4f"
  integrity sha512-5LpRN+mTiCs7lI5EtbXmF/HfMeCjzt7DH9CZwtkr6SywStrNQC723wG+aOWFiLNn7zT3kD/RnFqi3ZUfr4l5Qw==
  dependencies:
    arg "^4.1.0"
    diff "^4.0.1"
    make-error "^1.1.1"
    source-map-support "^0.5.6"
    yn "^3.0.0"

typescript@^3.6.4:
  version "3.6.4"
  resolved "https://registry.yarnpkg.com/typescript/-/typescript-3.6.4.tgz#b18752bb3792bc1a0281335f7f6ebf1bbfc5b91d"
  integrity sha512-unoCll1+l+YK4i4F8f22TaNVPRHcD9PA3yCuZ8g5e0qGqlVlJ/8FSateOLLSagn+Yg5+ZwuPkL8LFUc0Jcvksg==

unherit@^1.0.4:
  version "1.1.2"
  resolved "https://registry.yarnpkg.com/unherit/-/unherit-1.1.2.tgz#14f1f397253ee4ec95cec167762e77df83678449"
  integrity sha512-W3tMnpaMG7ZY6xe/moK04U9fBhi6wEiCYHUW5Mop/wQHf12+79EQGwxYejNdhEz2mkqkBlGwm7pxmgBKMVUj0w==
  dependencies:
    inherits "^2.0.1"
    xtend "^4.0.1"

unified@^8.4.1:
  version "8.4.1"
  resolved "https://registry.yarnpkg.com/unified/-/unified-8.4.1.tgz#99bd0393f58a139eaa51832cfbcc0e7f6573a1e1"
  integrity sha512-YPj/uIIZSO7mMIZQj/5Z3hDl4lshWYRQGs5TgUCjHTVdklUWH+O94mK5Cy77SEcmEUwGhnUcudMuH/zIwporqw==
  dependencies:
    bail "^1.0.0"
    extend "^3.0.0"
    is-plain-obj "^2.0.0"
    trough "^1.0.0"
    vfile "^4.0.0"

unist-builder@^1.0.1:
  version "1.0.4"
  resolved "https://registry.yarnpkg.com/unist-builder/-/unist-builder-1.0.4.tgz#e1808aed30bd72adc3607f25afecebef4dd59e17"
  integrity sha512-v6xbUPP7ILrT15fHGrNyHc1Xda8H3xVhP7/HAIotHOhVPjH5dCXA097C3Rry1Q2O+HbOLCao4hfPB+EYEjHgVg==
  dependencies:
    object-assign "^4.1.0"

unist-util-generated@^1.1.0:
  version "1.1.4"
  resolved "https://registry.yarnpkg.com/unist-util-generated/-/unist-util-generated-1.1.4.tgz#2261c033d9fc23fae41872cdb7663746e972c1a7"
  integrity sha512-SA7Sys3h3X4AlVnxHdvN/qYdr4R38HzihoEVY2Q2BZu8NHWDnw5OGcC/tXWjQfd4iG+M6qRFNIRGqJmp2ez4Ww==

unist-util-inspect@^4.1.4:
  version "4.1.4"
  resolved "https://registry.yarnpkg.com/unist-util-inspect/-/unist-util-inspect-4.1.4.tgz#fefc4794445d0f79bffea7a2421c6f556e73a37c"
  integrity sha512-7xxyvKiZ1SC9vL5qrMqKub1T31gRHfau4242F69CcaOrXt//5PmRVOmDZ36UAEgiT+tZWzmQmbNZn+mVtnR9HQ==
  dependencies:
    is-empty "^1.0.0"

unist-util-is@^3.0.0:
  version "3.0.0"
  resolved "https://registry.yarnpkg.com/unist-util-is/-/unist-util-is-3.0.0.tgz#d9e84381c2468e82629e4a5be9d7d05a2dd324cd"
  integrity sha512-sVZZX3+kspVNmLWBPAB6r+7D9ZgAFPNWm66f7YNb420RlQSbn+n8rG8dGZSkrER7ZIXGQYNm5pqC3v3HopH24A==

unist-util-position@^3.0.0:
  version "3.0.3"
  resolved "https://registry.yarnpkg.com/unist-util-position/-/unist-util-position-3.0.3.tgz#fff942b879538b242096c148153826664b1ca373"
  integrity sha512-28EpCBYFvnMeq9y/4w6pbnFmCUfzlsc41NJui5c51hOFjBA1fejcwc+5W4z2+0ECVbScG3dURS3JTVqwenzqZw==

unist-util-remove-position@^1.0.0:
  version "1.1.3"
  resolved "https://registry.yarnpkg.com/unist-util-remove-position/-/unist-util-remove-position-1.1.3.tgz#d91aa8b89b30cb38bad2924da11072faa64fd972"
  integrity sha512-CtszTlOjP2sBGYc2zcKA/CvNdTdEs3ozbiJ63IPBxh8iZg42SCCb8m04f8z2+V1aSk5a7BxbZKEdoDjadmBkWA==
  dependencies:
    unist-util-visit "^1.1.0"

unist-util-stringify-position@^2.0.0:
  version "2.0.1"
  resolved "https://registry.yarnpkg.com/unist-util-stringify-position/-/unist-util-stringify-position-2.0.1.tgz#de2a2bc8d3febfa606652673a91455b6a36fb9f3"
  integrity sha512-Zqlf6+FRI39Bah8Q6ZnNGrEHUhwJOkHde2MHVk96lLyftfJJckaPslKgzhVcviXj8KcE9UJM9F+a4JEiBUTYgA==
  dependencies:
    "@types/unist" "^2.0.2"

unist-util-visit-parents@^2.0.0:
  version "2.1.2"
  resolved "https://registry.yarnpkg.com/unist-util-visit-parents/-/unist-util-visit-parents-2.1.2.tgz#25e43e55312166f3348cae6743588781d112c1e9"
  integrity sha512-DyN5vD4NE3aSeB+PXYNKxzGsfocxp6asDc2XXE3b0ekO2BaRUpBicbbUygfSvYfUz1IkmjFR1YF7dPklraMZ2g==
  dependencies:
    unist-util-is "^3.0.0"

unist-util-visit@^1.0.0, unist-util-visit@^1.1.0:
  version "1.4.1"
  resolved "https://registry.yarnpkg.com/unist-util-visit/-/unist-util-visit-1.4.1.tgz#4724aaa8486e6ee6e26d7ff3c8685960d560b1e3"
  integrity sha512-AvGNk7Bb//EmJZyhtRUnNMEpId/AZ5Ph/KUpTI09WHQuDZHKovQ1oEv3mfmKpWKtoMzyMC4GLBm1Zy5k12fjIw==
  dependencies:
    unist-util-visit-parents "^2.0.0"

vfile-location@^2.0.0:
  version "2.0.5"
  resolved "https://registry.yarnpkg.com/vfile-location/-/vfile-location-2.0.5.tgz#c83eb02f8040228a8d2b3f10e485be3e3433e0a2"
  integrity sha512-Pa1ey0OzYBkLPxPZI3d9E+S4BmvfVwNAAXrrqGbwTVXWaX2p9kM1zZ+n35UtVM06shmWKH4RPRN8KI80qE3wNQ==

vfile-message@^2.0.0:
  version "2.0.1"
  resolved "https://registry.yarnpkg.com/vfile-message/-/vfile-message-2.0.1.tgz#951881861c22fc1eb39f873c0b93e336a64e8f6d"
  integrity sha512-KtasSV+uVU7RWhUn4Lw+wW1Zl/nW8JWx7JCPps10Y9JRRIDeDXf8wfBLoOSsJLyo27DqMyAi54C6Jf/d6Kr2Bw==
  dependencies:
    "@types/unist" "^2.0.2"
    unist-util-stringify-position "^2.0.0"

vfile@^4.0.0:
  version "4.0.1"
  resolved "https://registry.yarnpkg.com/vfile/-/vfile-4.0.1.tgz#fc3d43a1c71916034216bf65926d5ee3c64ed60c"
  integrity sha512-lRHFCuC4SQBFr7Uq91oJDJxlnftoTLQ7eKIpMdubhYcVMho4781a8MWXLy3qZrZ0/STD1kRiKc0cQOHm4OkPeA==
  dependencies:
    "@types/unist" "^2.0.0"
    is-buffer "^2.0.0"
    replace-ext "1.0.0"
    unist-util-stringify-position "^2.0.0"
    vfile-message "^2.0.0"

xtend@^4.0.1:
  version "4.0.2"
  resolved "https://registry.yarnpkg.com/xtend/-/xtend-4.0.2.tgz#bb72779f5fa465186b1f438f674fa347fdb5db54"
  integrity sha512-LKYU1iAXJXUgAXn9URjiu+MWhyUXHsvfp7mcuYm9dSUKK0/CjtrUwFAxD82/mCWbtLsGjFIad0wIsod4zrTAEQ==

yn@^3.0.0:
  version "3.1.1"
  resolved "https://registry.yarnpkg.com/yn/-/yn-3.1.1.tgz#1e87401a09d767c1d5eab26a6e4c185182d2eb50"
  integrity sha512-Ux4ygGWsu2c7isFWe8Yu1YluJmqVhxqK2cLXNQA5AcC3QfbGNpM7fu0Y8b/z16pXLnFxZYvWhd3fhBY9DLmC6Q==
